
Microsoft Visual Studio Solution File, Format Version 12.00
# Visual Studio Version 17
VisualStudioVersion = 17.2.32616.157
MinimumVisualStudioVersion = 10.0.40219.1
Project("{9A19103F-16F7-4668-BE54-9A1E7A4F7556}") = "Snippets", "Snippets\Snippets.csproj", "{A5D9B79A-44B4-4199-83CC-626855AA6CD6}"
EndProject
Project("{FAE04EC0-301F-11D3-BF4B-00C04F79EFBC}") = "SnippetsUnitTests", "SnippetsUnitTests\SnippetsUnitTests.csproj", "{BC547CA7-A18F-49DA-B92C-5F81257254D8}"
EndProject
Global
	GlobalSection(SolutionConfigurationPlatforms) = preSolution
		Debug|Any CPU = Debug|Any CPU
		Release|Any CPU = Release|Any CPU
	EndGlobalSection
	GlobalSection(ProjectConfigurationPlatforms) = postSolution
		{A5D9B79A-44B4-4199-83CC-626855AA6CD6}.Debug|Any CPU.ActiveCfg = Debug|Any CPU
		{A5D9B79A-44B4-4199-83CC-626855AA6CD6}.Debug|Any CPU.Build.0 = Debug|Any CPU
		{A5D9B79A-44B4-4199-83CC-626855AA6CD6}.Release|Any CPU.ActiveCfg = Release|Any CPU
		{A5D9B79A-44B4-4199-83CC-626855AA6CD6}.Release|Any CPU.Build.0 = Release|Any CPU
		{BC547CA7-A18F-49DA-B92C-5F81257254D8}.Debug|Any CPU.ActiveCfg = Debug|Any CPU
		{BC547CA7-A18F-49DA-B92C-5F81257254D8}.Debug|Any CPU.Build.0 = Debug|Any CPU
		{BC547CA7-A18F-49DA-B92C-5F81257254D8}.Release|Any CPU.ActiveCfg = Release|Any CPU
		{BC547CA7-A18F-49DA-B92C-5F81257254D8}.Release|Any CPU.Build.0 = Release|Any CPU
	EndGlobalSection
	GlobalSection(SolutionProperties) = preSolution
		HideSolutionNode = FALSE
	EndGlobalSection
	GlobalSection(ExtensibilityGlobals) = postSolution
		SolutionGuid = {9F2B7742-3855-4930-914A-979C1B0A6435}
	EndGlobalSection
EndGlobal
